
Microsoft Visual Studio Solution File, Format Version 12.00
# Visual Studio Version 17
VisualStudioVersion = 17.6.33801.468
MinimumVisualStudioVersion = 10.0.40219.1
Project("{FAE04EC0-301F-11D3-BF4B-00C04F79EFBC}") = "MagicVilla_API", "MagicVilla_API\MagicVilla_API.csproj", "{B5F6DEAA-0519-4A7C-9C95-3D37679B5876}"
EndProject
Global
	GlobalSection(SolutionConfigurationPlatforms) = preSolution
		Debug|Any CPU = Debug|Any CPU
		Release|Any CPU = Release|Any CPU
	EndGlobalSection
	GlobalSection(ProjectConfigurationPlatforms) = postSolution
		{B5F6DEAA-0519-4A7C-9C95-3D37679B5876}.Debug|Any CPU.ActiveCfg = Debug|Any CPU
		{B5F6DEAA-0519-4A7C-9C95-3D37679B5876}.Debug|Any CPU.Build.0 = Debug|Any CPU
		{B5F6DEAA-0519-4A7C-9C95-3D37679B5876}.Release|Any CPU.ActiveCfg = Release|Any CPU
		{B5F6DEAA-0519-4A7C-9C95-3D37679B5876}.Release|Any CPU.Build.0 = Release|Any CPU
	EndGlobalSection
	GlobalSection(SolutionProperties) = preSolution
		HideSolutionNode = FALSE
	EndGlobalSection
	GlobalSection(ExtensibilityGlobals) = postSolution
		SolutionGuid = {25361621-A35E-49F8-A1B8-926041DC5AAF}
	EndGlobalSection
EndGlobal
